
Microsoft Visual Studio Solution File, Format Version 12.00
# Visual Studio Version 17
VisualStudioVersion = 17.5.002.0
MinimumVisualStudioVersion = 10.0.40219.1
Project("{9A19103F-16F7-4668-BE54-9A1E7A4F7556}") = "DesafioFundamentos", "DesafioFundamentos\DesafioFundamentos.csproj", "{2A5FD217-026D-4E67-B457-BC8DA8FD4A03}"
EndProject
Global
	GlobalSection(SolutionConfigurationPlatforms) = preSolution
		Debug|Any CPU = Debug|Any CPU
		Release|Any CPU = Release|Any CPU
	EndGlobalSection
	GlobalSection(ProjectConfigurationPlatforms) = postSolution
		{2A5FD217-026D-4E67-B457-BC8DA8FD4A03}.Debug|Any CPU.ActiveCfg = Debug|Any CPU
		{2A5FD217-026D-4E67-B457-BC8DA8FD4A03}.Debug|Any CPU.Build.0 = Debug|Any CPU
		{2A5FD217-026D-4E67-B457-BC8DA8FD4A03}.Release|Any CPU.ActiveCfg = Release|Any CPU
		{2A5FD217-026D-4E67-B457-BC8DA8FD4A03}.Release|Any CPU.Build.0 = Release|Any CPU
	EndGlobalSection
	GlobalSection(SolutionProperties) = preSolution
		HideSolutionNode = FALSE
	EndGlobalSection
	GlobalSection(ExtensibilityGlobals) = postSolution
		SolutionGuid = {5C897C13-4235-4143-A52E-3CA2061C5FF8}
	EndGlobalSection
EndGlobal
